
Microsoft Visual Studio Solution File, Format Version 12.00
# Visual Studio Version 17
VisualStudioVersion = 17.1.32414.318
MinimumVisualStudioVersion = 10.0.40219.1
Project("{9A19103F-16F7-4668-BE54-9A1E7A4F7556}") = "spp_laba_1", "spp_laba_1\spp_laba_1.csproj", "{5D216F01-B11A-4F0A-BF95-17650F9DF01D}"
EndProject
Project("{FAE04EC0-301F-11D3-BF4B-00C04F79EFBC}") = "Tracer", "Tracer\Tracer.csproj", "{41B62298-C71A-4496-A130-00ED2CD84AFD}"
EndProject
Project("{FAE04EC0-301F-11D3-BF4B-00C04F79EFBC}") = "Serializers", "Serializers\Serializers.csproj", "{DCE8BF9E-A8D9-4C68-80D5-725E223E0FD2}"
EndProject
Project("{FAE04EC0-301F-11D3-BF4B-00C04F79EFBC}") = "Tests", "Tests\Tests.csproj", "{0A75E1A3-0FA2-4C2F-BD24-9EEFC61CCD3D}"
EndProject
Global
	GlobalSection(SolutionConfigurationPlatforms) = preSolution
		Debug|Any CPU = Debug|Any CPU
		Release|Any CPU = Release|Any CPU
	EndGlobalSection
	GlobalSection(ProjectConfigurationPlatforms) = postSolution
		{5D216F01-B11A-4F0A-BF95-17650F9DF01D}.Debug|Any CPU.ActiveCfg = Debug|Any CPU
		{5D216F01-B11A-4F0A-BF95-17650F9DF01D}.Debug|Any CPU.Build.0 = Debug|Any CPU
		{5D216F01-B11A-4F0A-BF95-17650F9DF01D}.Release|Any CPU.ActiveCfg = Release|Any CPU
		{5D216F01-B11A-4F0A-BF95-17650F9DF01D}.Release|Any CPU.Build.0 = Release|Any CPU
		{41B62298-C71A-4496-A130-00ED2CD84AFD}.Debug|Any CPU.ActiveCfg = Debug|Any CPU
		{41B62298-C71A-4496-A130-00ED2CD84AFD}.Debug|Any CPU.Build.0 = Debug|Any CPU
		{41B62298-C71A-4496-A130-00ED2CD84AFD}.Release|Any CPU.ActiveCfg = Release|Any CPU
		{41B62298-C71A-4496-A130-00ED2CD84AFD}.Release|Any CPU.Build.0 = Release|Any CPU
		{DCE8BF9E-A8D9-4C68-80D5-725E223E0FD2}.Debug|Any CPU.ActiveCfg = Debug|Any CPU
		{DCE8BF9E-A8D9-4C68-80D5-725E223E0FD2}.Debug|Any CPU.Build.0 = Debug|Any CPU
		{DCE8BF9E-A8D9-4C68-80D5-725E223E0FD2}.Release|Any CPU.ActiveCfg = Release|Any CPU
		{DCE8BF9E-A8D9-4C68-80D5-725E223E0FD2}.Release|Any CPU.Build.0 = Release|Any CPU
		{0A75E1A3-0FA2-4C2F-BD24-9EEFC61CCD3D}.Debug|Any CPU.ActiveCfg = Debug|Any CPU
		{0A75E1A3-0FA2-4C2F-BD24-9EEFC61CCD3D}.Debug|Any CPU.Build.0 = Debug|Any CPU
		{0A75E1A3-0FA2-4C2F-BD24-9EEFC61CCD3D}.Release|Any CPU.ActiveCfg = Release|Any CPU
		{0A75E1A3-0FA2-4C2F-BD24-9EEFC61CCD3D}.Release|Any CPU.Build.0 = Release|Any CPU
	EndGlobalSection
	GlobalSection(SolutionProperties) = preSolution
		HideSolutionNode = FALSE
	EndGlobalSection
	GlobalSection(ExtensibilityGlobals) = postSolution
		SolutionGuid = {57D95C1B-D799-4E6D-8770-8CF170961449}
	EndGlobalSection
EndGlobal
